
Microsoft Visual Studio Solution File, Format Version 12.00
# Visual Studio 15
VisualStudioVersion = 15.0.28307.168
MinimumVisualStudioVersion = 10.0.40219.1
Project("{FAE04EC0-301F-11D3-BF4B-00C04F79EFBC}") = "Altkom.ABC.CSharpAdv.ConsoleClient", "Altkom.ABC.CSharpAdv.ConsoleClient\Altkom.ABC.CSharpAdv.ConsoleClient.csproj", "{3CAFAC8B-5286-4E58-B636-670D6CB7228D}"
EndProject
Project("{FAE04EC0-301F-11D3-BF4B-00C04F79EFBC}") = "Altkom.ABC.CSharpAdv.WPFClient", "Altkom.ABC.CSharpAdv.WPFClient\Altkom.ABC.CSharpAdv.WPFClient.csproj", "{3244C8C0-320F-40A7-8C2E-057F6ADE87FD}"
EndProject
Project("{FAE04EC0-301F-11D3-BF4B-00C04F79EFBC}") = "Altkom.ABC.CSharpAdv.UnitTests", "Altkom.ABC.CSharpAdv.UnitTests\Altkom.ABC.CSharpAdv.UnitTests.csproj", "{61B93F5A-6B93-4958-BA65-F05598D2AE5A}"
EndProject
Global
	GlobalSection(SolutionConfigurationPlatforms) = preSolution
		Debug|Any CPU = Debug|Any CPU
		Release|Any CPU = Release|Any CPU
	EndGlobalSection
	GlobalSection(ProjectConfigurationPlatforms) = postSolution
		{3CAFAC8B-5286-4E58-B636-670D6CB7228D}.Debug|Any CPU.ActiveCfg = Debug|Any CPU
		{3CAFAC8B-5286-4E58-B636-670D6CB7228D}.Debug|Any CPU.Build.0 = Debug|Any CPU
		{3CAFAC8B-5286-4E58-B636-670D6CB7228D}.Release|Any CPU.ActiveCfg = Release|Any CPU
		{3CAFAC8B-5286-4E58-B636-670D6CB7228D}.Release|Any CPU.Build.0 = Release|Any CPU
		{3244C8C0-320F-40A7-8C2E-057F6ADE87FD}.Debug|Any CPU.ActiveCfg = Debug|Any CPU
		{3244C8C0-320F-40A7-8C2E-057F6ADE87FD}.Debug|Any CPU.Build.0 = Debug|Any CPU
		{3244C8C0-320F-40A7-8C2E-057F6ADE87FD}.Release|Any CPU.ActiveCfg = Release|Any CPU
		{3244C8C0-320F-40A7-8C2E-057F6ADE87FD}.Release|Any CPU.Build.0 = Release|Any CPU
		{61B93F5A-6B93-4958-BA65-F05598D2AE5A}.Debug|Any CPU.ActiveCfg = Debug|Any CPU
		{61B93F5A-6B93-4958-BA65-F05598D2AE5A}.Debug|Any CPU.Build.0 = Debug|Any CPU
		{61B93F5A-6B93-4958-BA65-F05598D2AE5A}.Release|Any CPU.ActiveCfg = Release|Any CPU
		{61B93F5A-6B93-4958-BA65-F05598D2AE5A}.Release|Any CPU.Build.0 = Release|Any CPU
	EndGlobalSection
	GlobalSection(SolutionProperties) = preSolution
		HideSolutionNode = FALSE
	EndGlobalSection
	GlobalSection(ExtensibilityGlobals) = postSolution
		SolutionGuid = {1E394FF6-2BA5-4D5A-B16B-A08F02E6B2F4}
	EndGlobalSection
EndGlobal
